
Microsoft Visual Studio Solution File, Format Version 12.00
# Visual Studio 14
VisualStudioVersion = 14.0.24720.0
MinimumVisualStudioVersion = 10.0.40219.1
Project("{FAE04EC0-301F-11D3-BF4B-00C04F79EFBC}") = "TcgTournament", "TcgTournament\TcgTournament.csproj", "{05C95BBB-565E-4E8E-80DE-6982E62D87BC}"
EndProject
Global
	GlobalSection(SolutionConfigurationPlatforms) = preSolution
		Debug|Any CPU = Debug|Any CPU
		Release|Any CPU = Release|Any CPU
	EndGlobalSection
	GlobalSection(ProjectConfigurationPlatforms) = postSolution
		{05C95BBB-565E-4E8E-80DE-6982E62D87BC}.Debug|Any CPU.ActiveCfg = Debug|Any CPU
		{05C95BBB-565E-4E8E-80DE-6982E62D87BC}.Debug|Any CPU.Build.0 = Debug|Any CPU
		{05C95BBB-565E-4E8E-80DE-6982E62D87BC}.Release|Any CPU.ActiveCfg = Release|Any CPU
		{05C95BBB-565E-4E8E-80DE-6982E62D87BC}.Release|Any CPU.Build.0 = Release|Any CPU
	EndGlobalSection
	GlobalSection(SolutionProperties) = preSolution
		HideSolutionNode = FALSE
	EndGlobalSection
EndGlobal
